
Microsoft Visual Studio Solution File, Format Version 12.00
# Visual Studio Version 17
VisualStudioVersion = 17.12.35707.178
MinimumVisualStudioVersion = 10.0.40219.1
Project("{8BC9CEB8-8B4A-11D0-8D11-00A0C91BC942}") = "Directx12Working", "Directx12Working\Default\Directx12Working.vcxproj", "{14D9B8F0-6A73-4A46-898A-F336FE3904AE}"
EndProject
Project("{8BC9CEB8-8B4A-11D0-8D11-00A0C91BC942}") = "01.Initialize", "01.Initialize\Default\01.Initialize.vcxproj", "{9E4B429A-190C-4103-87CD-9CBAC3D61BBF}"
	ProjectSection(ProjectDependencies) = postProject
		{14D9B8F0-6A73-4A46-898A-F336FE3904AE} = {14D9B8F0-6A73-4A46-898A-F336FE3904AE}
	EndProjectSection
EndProject
Project("{8BC9CEB8-8B4A-11D0-8D11-00A0C91BC942}") = "02.BoxApp", "02.BoxApp\Default\02.BoxApp.vcxproj", "{2374133B-30CB-462B-8C37-5B06E7FBDB68}"
	ProjectSection(ProjectDependencies) = postProject
		{14D9B8F0-6A73-4A46-898A-F336FE3904AE} = {14D9B8F0-6A73-4A46-898A-F336FE3904AE}
	EndProjectSection
EndProject
Project("{8BC9CEB8-8B4A-11D0-8D11-00A0C91BC942}") = "03.Shapes", "03.Shapes\Default\03.Shapes.vcxproj", "{E5819394-D058-4AA8-AF86-8F3783B7A0EF}"
	ProjectSection(ProjectDependencies) = postProject
		{14D9B8F0-6A73-4A46-898A-F336FE3904AE} = {14D9B8F0-6A73-4A46-898A-F336FE3904AE}
	EndProjectSection
EndProject
Project("{8BC9CEB8-8B4A-11D0-8D11-00A0C91BC942}") = "04.LitColumns", "04.LitColumns\Default\04.LitColumns.vcxproj", "{1B21A29C-7E3E-4E60-AF99-A3BF25E4690F}"
	ProjectSection(ProjectDependencies) = postProject
		{14D9B8F0-6A73-4A46-898A-F336FE3904AE} = {14D9B8F0-6A73-4A46-898A-F336FE3904AE}
	EndProjectSection
EndProject
Global
	GlobalSection(SolutionConfigurationPlatforms) = preSolution
		Debug|x64 = Debug|x64
		Debug|x86 = Debug|x86
		Release|x64 = Release|x64
		Release|x86 = Release|x86
	EndGlobalSection
	GlobalSection(ProjectConfigurationPlatforms) = postSolution
		{14D9B8F0-6A73-4A46-898A-F336FE3904AE}.Debug|x64.ActiveCfg = Debug|x64
		{14D9B8F0-6A73-4A46-898A-F336FE3904AE}.Debug|x64.Build.0 = Debug|x64
		{14D9B8F0-6A73-4A46-898A-F336FE3904AE}.Debug|x86.ActiveCfg = Debug|Win32
		{14D9B8F0-6A73-4A46-898A-F336FE3904AE}.Debug|x86.Build.0 = Debug|Win32
		{14D9B8F0-6A73-4A46-898A-F336FE3904AE}.Release|x64.ActiveCfg = Release|x64
		{14D9B8F0-6A73-4A46-898A-F336FE3904AE}.Release|x64.Build.0 = Release|x64
		{14D9B8F0-6A73-4A46-898A-F336FE3904AE}.Release|x86.ActiveCfg = Release|Win32
		{14D9B8F0-6A73-4A46-898A-F336FE3904AE}.Release|x86.Build.0 = Release|Win32
		{9E4B429A-190C-4103-87CD-9CBAC3D61BBF}.Debug|x64.ActiveCfg = Debug|x64
		{9E4B429A-190C-4103-87CD-9CBAC3D61BBF}.Debug|x64.Build.0 = Debug|x64
		{9E4B429A-190C-4103-87CD-9CBAC3D61BBF}.Debug|x86.ActiveCfg = Debug|Win32
		{9E4B429A-190C-4103-87CD-9CBAC3D61BBF}.Debug|x86.Build.0 = Debug|Win32
		{9E4B429A-190C-4103-87CD-9CBAC3D61BBF}.Release|x64.ActiveCfg = Release|x64
		{9E4B429A-190C-4103-87CD-9CBAC3D61BBF}.Release|x64.Build.0 = Release|x64
		{9E4B429A-190C-4103-87CD-9CBAC3D61BBF}.Release|x86.ActiveCfg = Release|Win32
		{9E4B429A-190C-4103-87CD-9CBAC3D61BBF}.Release|x86.Build.0 = Release|Win32
		{2374133B-30CB-462B-8C37-5B06E7FBDB68}.Debug|x64.ActiveCfg = Debug|x64
		{2374133B-30CB-462B-8C37-5B06E7FBDB68}.Debug|x64.Build.0 = Debug|x64
		{2374133B-30CB-462B-8C37-5B06E7FBDB68}.Debug|x86.ActiveCfg = Debug|Win32
		{2374133B-30CB-462B-8C37-5B06E7FBDB68}.Debug|x86.Build.0 = Debug|Win32
		{2374133B-30CB-462B-8C37-5B06E7FBDB68}.Release|x64.ActiveCfg = Release|x64
		{2374133B-30CB-462B-8C37-5B06E7FBDB68}.Release|x64.Build.0 = Release|x64
		{2374133B-30CB-462B-8C37-5B06E7FBDB68}.Release|x86.ActiveCfg = Release|Win32
		{2374133B-30CB-462B-8C37-5B06E7FBDB68}.Release|x86.Build.0 = Release|Win32
		{E5819394-D058-4AA8-AF86-8F3783B7A0EF}.Debug|x64.ActiveCfg = Debug|x64
		{E5819394-D058-4AA8-AF86-8F3783B7A0EF}.Debug|x64.Build.0 = Debug|x64
		{E5819394-D058-4AA8-AF86-8F3783B7A0EF}.Debug|x86.ActiveCfg = Debug|Win32
		{E5819394-D058-4AA8-AF86-8F3783B7A0EF}.Debug|x86.Build.0 = Debug|Win32
		{E5819394-D058-4AA8-AF86-8F3783B7A0EF}.Release|x64.ActiveCfg = Release|x64
		{E5819394-D058-4AA8-AF86-8F3783B7A0EF}.Release|x64.Build.0 = Release|x64
		{E5819394-D058-4AA8-AF86-8F3783B7A0EF}.Release|x86.ActiveCfg = Release|Win32
		{E5819394-D058-4AA8-AF86-8F3783B7A0EF}.Release|x86.Build.0 = Release|Win32
		{1B21A29C-7E3E-4E60-AF99-A3BF25E4690F}.Debug|x64.ActiveCfg = Debug|x64
		{1B21A29C-7E3E-4E60-AF99-A3BF25E4690F}.Debug|x64.Build.0 = Debug|x64
		{1B21A29C-7E3E-4E60-AF99-A3BF25E4690F}.Debug|x86.ActiveCfg = Debug|Win32
		{1B21A29C-7E3E-4E60-AF99-A3BF25E4690F}.Debug|x86.Build.0 = Debug|Win32
		{1B21A29C-7E3E-4E60-AF99-A3BF25E4690F}.Release|x64.ActiveCfg = Release|x64
		{1B21A29C-7E3E-4E60-AF99-A3BF25E4690F}.Release|x64.Build.0 = Release|x64
		{1B21A29C-7E3E-4E60-AF99-A3BF25E4690F}.Release|x86.ActiveCfg = Release|Win32
		{1B21A29C-7E3E-4E60-AF99-A3BF25E4690F}.Release|x86.Build.0 = Release|Win32
	EndGlobalSection
	GlobalSection(SolutionProperties) = preSolution
		HideSolutionNode = FALSE
	EndGlobalSection
EndGlobal
